
Microsoft Visual Studio Solution File, Format Version 12.00
# Visual Studio 2013
VisualStudioVersion = 12.0.30723.0
MinimumVisualStudioVersion = 10.0.40219.1
Project("{FAE04EC0-301F-11D3-BF4B-00C04F79EFBC}") = "Gabardine.Core", "Gabardine.Core\Gabardine.Core.csproj", "{4A2F251D-1A2E-4596-BAFD-2D6FBA536F1B}"
EndProject
Project("{FAE04EC0-301F-11D3-BF4B-00C04F79EFBC}") = "Gabardine.Codegen", "Gabardine.Codegen\Gabardine.Codegen.csproj", "{B4255E38-5A56-460D-AD7A-34A883012DF5}"
EndProject
Project("{F2A71F9B-5D33-465A-A702-920D77279786}") = "Gabardine.Parser", "Gabardine.Parser\Gabardine.Parser.fsproj", "{C3553C34-92A9-46D9-906F-B3C24E74A651}"
EndProject
Project("{FAE04EC0-301F-11D3-BF4B-00C04F79EFBC}") = "UnitTests", "UnitTests\UnitTests.csproj", "{CECE3C81-4831-456D-A56E-AA23D8987ED1}"
EndProject
Project("{2150E333-8FDC-42A3-9474-1A3956D46DE8}") = "Scripts", "Scripts", "{56A4C333-4617-4849-BF49-0627CB919AF0}"
	ProjectSection(SolutionItems) = preProject
		scripts\array.cnut = scripts\array.cnut
		scripts\boolean.cnut = scripts\boolean.cnut
		scripts\debug.cnut = scripts\debug.cnut
		scripts\diff.cnut = scripts\diff.cnut
		scripts\gaussian.cnut = scripts\gaussian.cnut
		scripts\gmm.cnut = scripts\gmm.cnut
		scripts\iterate.cnut = scripts\iterate.cnut
		scripts\lambda.cnut = scripts\lambda.cnut
		scripts\list.cnut = scripts\list.cnut
		scripts\map.cnut = scripts\map.cnut
		scripts\matrix.cnut = scripts\matrix.cnut
		scripts\mkl.cnut = scripts\mkl.cnut
		scripts\nat.cnut = scripts\nat.cnut
		scripts\pack.cnut = scripts\pack.cnut
		scripts\pair.cnut = scripts\pair.cnut
		scripts\real.cnut = scripts\real.cnut
		scripts\summation.cnut = scripts\summation.cnut
		scripts\tracker.cnut = scripts\tracker.cnut
		scripts\type.cnut = scripts\type.cnut
		scripts\vec3.cnut = scripts\vec3.cnut
	EndProjectSection
EndProject
Project("{2150E333-8FDC-42A3-9474-1A3956D46DE8}") = "Settings", "Settings", "{9D36A021-6BE7-40A5-B046-12A7D5C60463}"
	ProjectSection(SolutionItems) = preProject
		user_settings.json = user_settings.json
	EndProjectSection
EndProject
Project("{FAE04EC0-301F-11D3-BF4B-00C04F79EFBC}") = "ipythonKernel", "ipythonKernel\ipythonKernel.csproj", "{08B389A7-ED8D-4D4E-9BFA-B7886308FD2B}"
EndProject
Project("{FAE04EC0-301F-11D3-BF4B-00C04F79EFBC}") = "TestingHarness", "TestingHarness\TestingHarness.csproj", "{0EC393E3-D9DB-4CC1-9462-CBD62B6B8A3D}"
EndProject
Project("{8BC9CEB8-8B4A-11D0-8D11-00A0C91BC942}") = "runtime", "runtime\runtime.vcxproj", "{28B99BB6-322A-457B-9BB7-D8F2D2AC6415}"
EndProject
Global
	GlobalSection(SolutionConfigurationPlatforms) = preSolution
		Debug|Any CPU = Debug|Any CPU
		Release|Any CPU = Release|Any CPU
	EndGlobalSection
	GlobalSection(ProjectConfigurationPlatforms) = postSolution
		{4A2F251D-1A2E-4596-BAFD-2D6FBA536F1B}.Debug|Any CPU.ActiveCfg = Debug|Any CPU
		{4A2F251D-1A2E-4596-BAFD-2D6FBA536F1B}.Debug|Any CPU.Build.0 = Debug|Any CPU
		{4A2F251D-1A2E-4596-BAFD-2D6FBA536F1B}.Release|Any CPU.ActiveCfg = Release|Any CPU
		{4A2F251D-1A2E-4596-BAFD-2D6FBA536F1B}.Release|Any CPU.Build.0 = Release|Any CPU
		{B4255E38-5A56-460D-AD7A-34A883012DF5}.Debug|Any CPU.ActiveCfg = Debug|Any CPU
		{B4255E38-5A56-460D-AD7A-34A883012DF5}.Debug|Any CPU.Build.0 = Debug|Any CPU
		{B4255E38-5A56-460D-AD7A-34A883012DF5}.Release|Any CPU.ActiveCfg = Release|Any CPU
		{B4255E38-5A56-460D-AD7A-34A883012DF5}.Release|Any CPU.Build.0 = Release|Any CPU
		{C3553C34-92A9-46D9-906F-B3C24E74A651}.Debug|Any CPU.ActiveCfg = Debug|Any CPU
		{C3553C34-92A9-46D9-906F-B3C24E74A651}.Debug|Any CPU.Build.0 = Debug|Any CPU
		{C3553C34-92A9-46D9-906F-B3C24E74A651}.Release|Any CPU.ActiveCfg = Release|Any CPU
		{C3553C34-92A9-46D9-906F-B3C24E74A651}.Release|Any CPU.Build.0 = Release|Any CPU
		{CECE3C81-4831-456D-A56E-AA23D8987ED1}.Debug|Any CPU.ActiveCfg = Debug|Any CPU
		{CECE3C81-4831-456D-A56E-AA23D8987ED1}.Debug|Any CPU.Build.0 = Debug|Any CPU
		{CECE3C81-4831-456D-A56E-AA23D8987ED1}.Release|Any CPU.ActiveCfg = Release|Any CPU
		{CECE3C81-4831-456D-A56E-AA23D8987ED1}.Release|Any CPU.Build.0 = Release|Any CPU
		{08B389A7-ED8D-4D4E-9BFA-B7886308FD2B}.Debug|Any CPU.ActiveCfg = Debug|Any CPU
		{08B389A7-ED8D-4D4E-9BFA-B7886308FD2B}.Debug|Any CPU.Build.0 = Debug|Any CPU
		{08B389A7-ED8D-4D4E-9BFA-B7886308FD2B}.Release|Any CPU.ActiveCfg = Release|Any CPU
		{08B389A7-ED8D-4D4E-9BFA-B7886308FD2B}.Release|Any CPU.Build.0 = Release|Any CPU
		{0EC393E3-D9DB-4CC1-9462-CBD62B6B8A3D}.Debug|Any CPU.ActiveCfg = Debug|Any CPU
		{0EC393E3-D9DB-4CC1-9462-CBD62B6B8A3D}.Debug|Any CPU.Build.0 = Debug|Any CPU
		{0EC393E3-D9DB-4CC1-9462-CBD62B6B8A3D}.Release|Any CPU.ActiveCfg = Release|Any CPU
		{0EC393E3-D9DB-4CC1-9462-CBD62B6B8A3D}.Release|Any CPU.Build.0 = Release|Any CPU
		{28B99BB6-322A-457B-9BB7-D8F2D2AC6415}.Debug|Any CPU.ActiveCfg = Release|Win32
		{28B99BB6-322A-457B-9BB7-D8F2D2AC6415}.Debug|Any CPU.Build.0 = Release|Win32
		{28B99BB6-322A-457B-9BB7-D8F2D2AC6415}.Release|Any CPU.ActiveCfg = Release|Win32
		{28B99BB6-322A-457B-9BB7-D8F2D2AC6415}.Release|Any CPU.Build.0 = Release|Win32
	EndGlobalSection
	GlobalSection(SolutionProperties) = preSolution
		HideSolutionNode = FALSE
	EndGlobalSection
EndGlobal
